
Microsoft Visual Studio Solution File, Format Version 12.00
# Visual Studio 2012
Project("{FAE04EC0-301F-11D3-BF4B-00C04F79EFBC}") = "SampleAppForKurabo", "SampleAppForKurabo\SampleAppForKurabo.csproj", "{054CC9C6-C477-40B2-B83E-EDA381087ADC}"
EndProject
Global
	GlobalSection(SolutionConfigurationPlatforms) = preSolution
		Debug|Any CPU = Debug|Any CPU
		Release|Any CPU = Release|Any CPU
	EndGlobalSection
	GlobalSection(ProjectConfigurationPlatforms) = postSolution
		{054CC9C6-C477-40B2-B83E-EDA381087ADC}.Debug|Any CPU.ActiveCfg = Debug|Any CPU
		{054CC9C6-C477-40B2-B83E-EDA381087ADC}.Debug|Any CPU.Build.0 = Debug|Any CPU
		{054CC9C6-C477-40B2-B83E-EDA381087ADC}.Release|Any CPU.ActiveCfg = Release|Any CPU
		{054CC9C6-C477-40B2-B83E-EDA381087ADC}.Release|Any CPU.Build.0 = Release|Any CPU
	EndGlobalSection
	GlobalSection(SolutionProperties) = preSolution
		HideSolutionNode = FALSE
	EndGlobalSection
EndGlobal
